{
  "object": {
    "pins": [
      {
        "package": "ActivityIndicatorView",
        "repositoryURL": "https://github.com/exyte/ActivityIndicatorView.git",
        "state": {
          "branch": null,
          "revision": "ad484c6e645c41eb298e48f663ac1ed76aedde00",
          "version": "0.0.6"
        }
      },
      {
        "package": "PartialSheet",
        "repositoryURL": "https://github.com/AndreaMiotto/PartialSheet.git",
        "state": {
          "branch": null,
          "revision": "936465232b6399e402e79d5b031622af9a5e9960",
          "version": "2.1.11"
        }
      },
      {
        "package": "URLImage",
        "repositoryURL": "https://github.com/dmytro-anokhin/url-image",
        "state": {
          "branch": null,
          "revision": "520a997733560d1eaa6cc60c445807e7db1984c6",
          "version": "2.1.12"
        }
      }
    ]
  },
  "version": 1
}
